
Microsoft Visual Studio Solution File, Format Version 11.00
# Visual Studio 2010
Project("{FAE04EC0-301F-11D3-BF4B-00C04F79EFBC}") = "ConsoleApplicationNet40", "ConsoleApplicationNet40\ConsoleApplicationNet40.csproj", "{F97C9046-B7C2-40D1-A996-0DF0E9D509AC}"
EndProject
Project("{FAE04EC0-301F-11D3-BF4B-00C04F79EFBC}") = "ConsoleApplicationNet20", "ConsoleApplicationNet20\ConsoleApplicationNet20.csproj", "{A15EC5FE-7FDA-48A6-8115-8A3DA8C2A23E}"
EndProject
Project("{FAE04EC0-301F-11D3-BF4B-00C04F79EFBC}") = "ConsoleApplicationWithLog4NetAppender", "ConsoleApplicationWithLog4NetAppender\ConsoleApplicationWithLog4NetAppender.csproj", "{62AC964B-7B95-44B8-9EF6-3A5FA6DFB4C6}"
EndProject
Project("{FAE04EC0-301F-11D3-BF4B-00C04F79EFBC}") = "WindowsForms", "WindowsForms\WindowsForms.csproj", "{2B1BADDA-523C-4E65-AA22-9437291461B0}"
EndProject
Project("{FAE04EC0-301F-11D3-BF4B-00C04F79EFBC}") = "WcfServerSample", "WcfServerSample\WcfServerSample.csproj", "{A17931B6-9A38-4A20-8DFD-16A48AA8CA4D}"
EndProject
Project("{FAE04EC0-301F-11D3-BF4B-00C04F79EFBC}") = "WcfServiceClient", "WcfServiceClient\WcfServiceClient.csproj", "{032FAF52-58F1-4743-B020-8B77EA28039A}"
	ProjectSection(ProjectDependencies) = postProject
		{A17931B6-9A38-4A20-8DFD-16A48AA8CA4D} = {A17931B6-9A38-4A20-8DFD-16A48AA8CA4D}
	EndProjectSection
EndProject
Project("{FAE04EC0-301F-11D3-BF4B-00C04F79EFBC}") = "ExceptionTail.Samples.WindowsPhone", "ExceptionTail.Samples.WindowsPhone\ExceptionTail.Samples.WindowsPhone.csproj", "{7B5F9F71-2100-4DAA-919C-322DEDA5A30F}"
EndProject
Global
	GlobalSection(SolutionConfigurationPlatforms) = preSolution
		Debug|Any CPU = Debug|Any CPU
		Debug|Mixed Platforms = Debug|Mixed Platforms
		Debug|x64 = Debug|x64
		Debug|x86 = Debug|x86
		Release|Any CPU = Release|Any CPU
		Release|Mixed Platforms = Release|Mixed Platforms
		Release|x64 = Release|x64
		Release|x86 = Release|x86
	EndGlobalSection
	GlobalSection(ProjectConfigurationPlatforms) = postSolution
		{F97C9046-B7C2-40D1-A996-0DF0E9D509AC}.Debug|Any CPU.ActiveCfg = Debug|x86
		{F97C9046-B7C2-40D1-A996-0DF0E9D509AC}.Debug|Mixed Platforms.ActiveCfg = Debug|x86
		{F97C9046-B7C2-40D1-A996-0DF0E9D509AC}.Debug|Mixed Platforms.Build.0 = Debug|x86
		{F97C9046-B7C2-40D1-A996-0DF0E9D509AC}.Debug|x64.ActiveCfg = Debug|x86
		{F97C9046-B7C2-40D1-A996-0DF0E9D509AC}.Debug|x86.ActiveCfg = Debug|x86
		{F97C9046-B7C2-40D1-A996-0DF0E9D509AC}.Debug|x86.Build.0 = Debug|x86
		{F97C9046-B7C2-40D1-A996-0DF0E9D509AC}.Release|Any CPU.ActiveCfg = Release|x86
		{F97C9046-B7C2-40D1-A996-0DF0E9D509AC}.Release|Mixed Platforms.ActiveCfg = Release|x86
		{F97C9046-B7C2-40D1-A996-0DF0E9D509AC}.Release|Mixed Platforms.Build.0 = Release|x86
		{F97C9046-B7C2-40D1-A996-0DF0E9D509AC}.Release|x64.ActiveCfg = Release|x86
		{F97C9046-B7C2-40D1-A996-0DF0E9D509AC}.Release|x86.ActiveCfg = Release|x86
		{F97C9046-B7C2-40D1-A996-0DF0E9D509AC}.Release|x86.Build.0 = Release|x86
		{A15EC5FE-7FDA-48A6-8115-8A3DA8C2A23E}.Debug|Any CPU.ActiveCfg = Debug|x86
		{A15EC5FE-7FDA-48A6-8115-8A3DA8C2A23E}.Debug|Mixed Platforms.ActiveCfg = Debug|x86
		{A15EC5FE-7FDA-48A6-8115-8A3DA8C2A23E}.Debug|Mixed Platforms.Build.0 = Debug|x86
		{A15EC5FE-7FDA-48A6-8115-8A3DA8C2A23E}.Debug|x64.ActiveCfg = Debug|x86
		{A15EC5FE-7FDA-48A6-8115-8A3DA8C2A23E}.Debug|x86.ActiveCfg = Debug|x86
		{A15EC5FE-7FDA-48A6-8115-8A3DA8C2A23E}.Debug|x86.Build.0 = Debug|x86
		{A15EC5FE-7FDA-48A6-8115-8A3DA8C2A23E}.Release|Any CPU.ActiveCfg = Release|x86
		{A15EC5FE-7FDA-48A6-8115-8A3DA8C2A23E}.Release|Mixed Platforms.ActiveCfg = Release|x86
		{A15EC5FE-7FDA-48A6-8115-8A3DA8C2A23E}.Release|Mixed Platforms.Build.0 = Release|x86
		{A15EC5FE-7FDA-48A6-8115-8A3DA8C2A23E}.Release|x64.ActiveCfg = Release|x86
		{A15EC5FE-7FDA-48A6-8115-8A3DA8C2A23E}.Release|x86.ActiveCfg = Release|x86
		{A15EC5FE-7FDA-48A6-8115-8A3DA8C2A23E}.Release|x86.Build.0 = Release|x86
		{62AC964B-7B95-44B8-9EF6-3A5FA6DFB4C6}.Debug|Any CPU.ActiveCfg = Debug|x86
		{62AC964B-7B95-44B8-9EF6-3A5FA6DFB4C6}.Debug|Mixed Platforms.ActiveCfg = Debug|x86
		{62AC964B-7B95-44B8-9EF6-3A5FA6DFB4C6}.Debug|Mixed Platforms.Build.0 = Debug|x86
		{62AC964B-7B95-44B8-9EF6-3A5FA6DFB4C6}.Debug|x64.ActiveCfg = Debug|x86
		{62AC964B-7B95-44B8-9EF6-3A5FA6DFB4C6}.Debug|x86.ActiveCfg = Debug|x86
		{62AC964B-7B95-44B8-9EF6-3A5FA6DFB4C6}.Debug|x86.Build.0 = Debug|x86
		{62AC964B-7B95-44B8-9EF6-3A5FA6DFB4C6}.Release|Any CPU.ActiveCfg = Release|x86
		{62AC964B-7B95-44B8-9EF6-3A5FA6DFB4C6}.Release|Mixed Platforms.ActiveCfg = Release|x86
		{62AC964B-7B95-44B8-9EF6-3A5FA6DFB4C6}.Release|Mixed Platforms.Build.0 = Release|x86
		{62AC964B-7B95-44B8-9EF6-3A5FA6DFB4C6}.Release|x64.ActiveCfg = Release|x86
		{62AC964B-7B95-44B8-9EF6-3A5FA6DFB4C6}.Release|x86.ActiveCfg = Release|x86
		{62AC964B-7B95-44B8-9EF6-3A5FA6DFB4C6}.Release|x86.Build.0 = Release|x86
		{2B1BADDA-523C-4E65-AA22-9437291461B0}.Debug|Any CPU.ActiveCfg = Debug|Any CPU
		{2B1BADDA-523C-4E65-AA22-9437291461B0}.Debug|Any CPU.Build.0 = Debug|Any CPU
		{2B1BADDA-523C-4E65-AA22-9437291461B0}.Debug|Mixed Platforms.ActiveCfg = Debug|x64
		{2B1BADDA-523C-4E65-AA22-9437291461B0}.Debug|Mixed Platforms.Build.0 = Debug|x64
		{2B1BADDA-523C-4E65-AA22-9437291461B0}.Debug|x64.ActiveCfg = Debug|x64
		{2B1BADDA-523C-4E65-AA22-9437291461B0}.Debug|x64.Build.0 = Debug|x64
		{2B1BADDA-523C-4E65-AA22-9437291461B0}.Debug|x86.ActiveCfg = Debug|x86
		{2B1BADDA-523C-4E65-AA22-9437291461B0}.Debug|x86.Build.0 = Debug|x86
		{2B1BADDA-523C-4E65-AA22-9437291461B0}.Release|Any CPU.ActiveCfg = Release|Any CPU
		{2B1BADDA-523C-4E65-AA22-9437291461B0}.Release|Any CPU.Build.0 = Release|Any CPU
		{2B1BADDA-523C-4E65-AA22-9437291461B0}.Release|Mixed Platforms.ActiveCfg = Release|x64
		{2B1BADDA-523C-4E65-AA22-9437291461B0}.Release|Mixed Platforms.Build.0 = Release|x64
		{2B1BADDA-523C-4E65-AA22-9437291461B0}.Release|x64.ActiveCfg = Release|x64
		{2B1BADDA-523C-4E65-AA22-9437291461B0}.Release|x64.Build.0 = Release|x64
		{2B1BADDA-523C-4E65-AA22-9437291461B0}.Release|x86.ActiveCfg = Release|x86
		{2B1BADDA-523C-4E65-AA22-9437291461B0}.Release|x86.Build.0 = Release|x86
		{A17931B6-9A38-4A20-8DFD-16A48AA8CA4D}.Debug|Any CPU.ActiveCfg = Debug|Any CPU
		{A17931B6-9A38-4A20-8DFD-16A48AA8CA4D}.Debug|Any CPU.Build.0 = Debug|Any CPU
		{A17931B6-9A38-4A20-8DFD-16A48AA8CA4D}.Debug|Mixed Platforms.ActiveCfg = Debug|Any CPU
		{A17931B6-9A38-4A20-8DFD-16A48AA8CA4D}.Debug|Mixed Platforms.Build.0 = Debug|Any CPU
		{A17931B6-9A38-4A20-8DFD-16A48AA8CA4D}.Debug|x64.ActiveCfg = Debug|Any CPU
		{A17931B6-9A38-4A20-8DFD-16A48AA8CA4D}.Debug|x86.ActiveCfg = Debug|Any CPU
		{A17931B6-9A38-4A20-8DFD-16A48AA8CA4D}.Release|Any CPU.ActiveCfg = Release|Any CPU
		{A17931B6-9A38-4A20-8DFD-16A48AA8CA4D}.Release|Any CPU.Build.0 = Release|Any CPU
		{A17931B6-9A38-4A20-8DFD-16A48AA8CA4D}.Release|Mixed Platforms.ActiveCfg = Release|Any CPU
		{A17931B6-9A38-4A20-8DFD-16A48AA8CA4D}.Release|Mixed Platforms.Build.0 = Release|Any CPU
		{A17931B6-9A38-4A20-8DFD-16A48AA8CA4D}.Release|x64.ActiveCfg = Release|Any CPU
		{A17931B6-9A38-4A20-8DFD-16A48AA8CA4D}.Release|x86.ActiveCfg = Release|Any CPU
		{032FAF52-58F1-4743-B020-8B77EA28039A}.Debug|Any CPU.ActiveCfg = Debug|x86
		{032FAF52-58F1-4743-B020-8B77EA28039A}.Debug|Mixed Platforms.ActiveCfg = Debug|x86
		{032FAF52-58F1-4743-B020-8B77EA28039A}.Debug|Mixed Platforms.Build.0 = Debug|x86
		{032FAF52-58F1-4743-B020-8B77EA28039A}.Debug|x64.ActiveCfg = Debug|x86
		{032FAF52-58F1-4743-B020-8B77EA28039A}.Debug|x86.ActiveCfg = Debug|x86
		{032FAF52-58F1-4743-B020-8B77EA28039A}.Debug|x86.Build.0 = Debug|x86
		{032FAF52-58F1-4743-B020-8B77EA28039A}.Release|Any CPU.ActiveCfg = Release|x86
		{032FAF52-58F1-4743-B020-8B77EA28039A}.Release|Mixed Platforms.ActiveCfg = Release|x86
		{032FAF52-58F1-4743-B020-8B77EA28039A}.Release|Mixed Platforms.Build.0 = Release|x86
		{032FAF52-58F1-4743-B020-8B77EA28039A}.Release|x64.ActiveCfg = Release|x86
		{032FAF52-58F1-4743-B020-8B77EA28039A}.Release|x86.ActiveCfg = Release|x86
		{032FAF52-58F1-4743-B020-8B77EA28039A}.Release|x86.Build.0 = Release|x86
		{7B5F9F71-2100-4DAA-919C-322DEDA5A30F}.Debug|Any CPU.ActiveCfg = Debug|Any CPU
		{7B5F9F71-2100-4DAA-919C-322DEDA5A30F}.Debug|Any CPU.Build.0 = Debug|Any CPU
		{7B5F9F71-2100-4DAA-919C-322DEDA5A30F}.Debug|Any CPU.Deploy.0 = Debug|Any CPU
		{7B5F9F71-2100-4DAA-919C-322DEDA5A30F}.Debug|Mixed Platforms.ActiveCfg = Debug|Any CPU
		{7B5F9F71-2100-4DAA-919C-322DEDA5A30F}.Debug|Mixed Platforms.Build.0 = Debug|Any CPU
		{7B5F9F71-2100-4DAA-919C-322DEDA5A30F}.Debug|Mixed Platforms.Deploy.0 = Debug|Any CPU
		{7B5F9F71-2100-4DAA-919C-322DEDA5A30F}.Debug|x64.ActiveCfg = Debug|Any CPU
		{7B5F9F71-2100-4DAA-919C-322DEDA5A30F}.Debug|x86.ActiveCfg = Debug|Any CPU
		{7B5F9F71-2100-4DAA-919C-322DEDA5A30F}.Release|Any CPU.ActiveCfg = Release|Any CPU
		{7B5F9F71-2100-4DAA-919C-322DEDA5A30F}.Release|Any CPU.Build.0 = Release|Any CPU
		{7B5F9F71-2100-4DAA-919C-322DEDA5A30F}.Release|Any CPU.Deploy.0 = Release|Any CPU
		{7B5F9F71-2100-4DAA-919C-322DEDA5A30F}.Release|Mixed Platforms.ActiveCfg = Release|Any CPU
		{7B5F9F71-2100-4DAA-919C-322DEDA5A30F}.Release|Mixed Platforms.Build.0 = Release|Any CPU
		{7B5F9F71-2100-4DAA-919C-322DEDA5A30F}.Release|Mixed Platforms.Deploy.0 = Release|Any CPU
		{7B5F9F71-2100-4DAA-919C-322DEDA5A30F}.Release|x64.ActiveCfg = Release|Any CPU
		{7B5F9F71-2100-4DAA-919C-322DEDA5A30F}.Release|x86.ActiveCfg = Release|Any CPU
	EndGlobalSection
	GlobalSection(SolutionProperties) = preSolution
		HideSolutionNode = FALSE
	EndGlobalSection
EndGlobal
